
Microsoft Visual Studio Solution File, Format Version 12.00
# Visual Studio Version 17
VisualStudioVersion = 17.14.36915.13 d17.14
MinimumVisualStudioVersion = 10.0.40219.1
Project("{FAE04EC0-301F-11D3-BF4B-00C04F79EFBC}") = "CybersecurityChatbot", "CybersecurityChatbot.csproj", "{D4C9F445-0076-463B-B2D3-97EA195BCDC3}"
EndProject
Global
	GlobalSection(SolutionConfigurationPlatforms) = preSolution
		Debug|Any CPU = Debug|Any CPU
		Release|Any CPU = Release|Any CPU
	EndGlobalSection
	GlobalSection(ProjectConfigurationPlatforms) = postSolution
		{D4C9F445-0076-463B-B2D3-97EA195BCDC3}.Debug|Any CPU.ActiveCfg = Debug|Any CPU
		{D4C9F445-0076-463B-B2D3-97EA195BCDC3}.Debug|Any CPU.Build.0 = Debug|Any CPU
		{D4C9F445-0076-463B-B2D3-97EA195BCDC3}.Release|Any CPU.ActiveCfg = Release|Any CPU
		{D4C9F445-0076-463B-B2D3-97EA195BCDC3}.Release|Any CPU.Build.0 = Release|Any CPU
	EndGlobalSection
	GlobalSection(SolutionProperties) = preSolution
		HideSolutionNode = FALSE
	EndGlobalSection
	GlobalSection(ExtensibilityGlobals) = postSolution
		SolutionGuid = {3A2C8B5C-37AC-45C6-AB61-06F6FAC9CBFF}
	EndGlobalSection
EndGlobal
